
Microsoft Visual Studio Solution File, Format Version 12.00
# Visual Studio Version 17
VisualStudioVersion = 17.4.33205.214
MinimumVisualStudioVersion = 10.0.40219.1
Project("{FAE04EC0-301F-11D3-BF4B-00C04F79EFBC}") = "TransactionalScriptToDo", "TransactionalScriptToDo\TransactionalScriptToDo.csproj", "{17325FCD-208A-41A7-A9BA-B4A6D62448E6}"
EndProject
Project("{E53339B2-1760-4266-BCC7-CA923CBCF16C}") = "docker-compose", "docker-compose.dcproj", "{1456B99E-9F67-450B-9530-B7B48FE0D69B}"
EndProject
Global
	GlobalSection(SolutionConfigurationPlatforms) = preSolution
		Debug|Any CPU = Debug|Any CPU
		Release|Any CPU = Release|Any CPU
	EndGlobalSection
	GlobalSection(ProjectConfigurationPlatforms) = postSolution
		{17325FCD-208A-41A7-A9BA-B4A6D62448E6}.Debug|Any CPU.ActiveCfg = Debug|Any CPU
		{17325FCD-208A-41A7-A9BA-B4A6D62448E6}.Debug|Any CPU.Build.0 = Debug|Any CPU
		{17325FCD-208A-41A7-A9BA-B4A6D62448E6}.Release|Any CPU.ActiveCfg = Release|Any CPU
		{17325FCD-208A-41A7-A9BA-B4A6D62448E6}.Release|Any CPU.Build.0 = Release|Any CPU
		{1456B99E-9F67-450B-9530-B7B48FE0D69B}.Debug|Any CPU.ActiveCfg = Debug|Any CPU
		{1456B99E-9F67-450B-9530-B7B48FE0D69B}.Debug|Any CPU.Build.0 = Debug|Any CPU
		{1456B99E-9F67-450B-9530-B7B48FE0D69B}.Release|Any CPU.ActiveCfg = Release|Any CPU
		{1456B99E-9F67-450B-9530-B7B48FE0D69B}.Release|Any CPU.Build.0 = Release|Any CPU
	EndGlobalSection
	GlobalSection(SolutionProperties) = preSolution
		HideSolutionNode = FALSE
	EndGlobalSection
	GlobalSection(ExtensibilityGlobals) = postSolution
		SolutionGuid = {7A4DF0F0-BBD6-4ED7-A4E4-F824A3A87837}
	EndGlobalSection
EndGlobal
